
Microsoft Visual Studio Solution File, Format Version 12.00
# Visual Studio Version 16
VisualStudioVersion = 16.0.30320.27
MinimumVisualStudioVersion = 10.0.40219.1
Project("{FAE04EC0-301F-11D3-BF4B-00C04F79EFBC}") = "DoublyLinkedList", "DoublyLinkedList\DoublyLinkedList.csproj", "{0BFEE8A5-11FB-4DA0-A3BD-76A0F4B70F6B}"
EndProject
Global
	GlobalSection(SolutionConfigurationPlatforms) = preSolution
		Debug|Any CPU = Debug|Any CPU
		Release|Any CPU = Release|Any CPU
	EndGlobalSection
	GlobalSection(ProjectConfigurationPlatforms) = postSolution
		{0BFEE8A5-11FB-4DA0-A3BD-76A0F4B70F6B}.Debug|Any CPU.ActiveCfg = Debug|Any CPU
		{0BFEE8A5-11FB-4DA0-A3BD-76A0F4B70F6B}.Debug|Any CPU.Build.0 = Debug|Any CPU
		{0BFEE8A5-11FB-4DA0-A3BD-76A0F4B70F6B}.Release|Any CPU.ActiveCfg = Release|Any CPU
		{0BFEE8A5-11FB-4DA0-A3BD-76A0F4B70F6B}.Release|Any CPU.Build.0 = Release|Any CPU
	EndGlobalSection
	GlobalSection(SolutionProperties) = preSolution
		HideSolutionNode = FALSE
	EndGlobalSection
	GlobalSection(ExtensibilityGlobals) = postSolution
		SolutionGuid = {7A61E7CB-4EDD-4D1F-82F5-7A4BEC7FBA63}
	EndGlobalSection
EndGlobal
