
Microsoft Visual Studio Solution File, Format Version 12.00
# Visual Studio Version 16
VisualStudioVersion = 16.0.30320.27
MinimumVisualStudioVersion = 10.0.40219.1
Project("{FAE04EC0-301F-11D3-BF4B-00C04F79EFBC}") = "HashTable", "HashTable\HashTable.csproj", "{A7A35DB1-795C-4FAF-BF28-F32817F1D7DF}"
EndProject
Global
	GlobalSection(SolutionConfigurationPlatforms) = preSolution
		Debug|Any CPU = Debug|Any CPU
		Release|Any CPU = Release|Any CPU
	EndGlobalSection
	GlobalSection(ProjectConfigurationPlatforms) = postSolution
		{A7A35DB1-795C-4FAF-BF28-F32817F1D7DF}.Debug|Any CPU.ActiveCfg = Debug|Any CPU
		{A7A35DB1-795C-4FAF-BF28-F32817F1D7DF}.Debug|Any CPU.Build.0 = Debug|Any CPU
		{A7A35DB1-795C-4FAF-BF28-F32817F1D7DF}.Release|Any CPU.ActiveCfg = Release|Any CPU
		{A7A35DB1-795C-4FAF-BF28-F32817F1D7DF}.Release|Any CPU.Build.0 = Release|Any CPU
	EndGlobalSection
	GlobalSection(SolutionProperties) = preSolution
		HideSolutionNode = FALSE
	EndGlobalSection
	GlobalSection(ExtensibilityGlobals) = postSolution
		SolutionGuid = {CEDEB67E-701C-4076-970E-05263830BD26}
	EndGlobalSection
EndGlobal
